// !$*UTF8*$!
{
	archiveVersion = 1;
	classes = {
	};
	objectVersion = 46;
	objects = {

/* Begin PBXBuildFile section */
		6770D454018869F40379D243 /* Pods_Greendurance.framework in Frameworks */ = {isa = PBXBuildFile; fileRef = E46534246C177040FE3445B5 /* Pods_Greendurance.framework */; };
		9F019E021E88838F0073F556 /* IconCollectionViewCell.swift in Sources */ = {isa = PBXBuildFile; fileRef = 9F019E011E88838F0073F556 /* IconCollectionViewCell.swift */; };
		9F019E081E8AAE550073F556 /* menu.png in Resources */ = {isa = PBXBuildFile; fileRef = 9F019E071E8AAE550073F556 /* menu.png */; };
		9F019E121E8B21D40073F556 /* shield.png in Resources */ = {isa = PBXBuildFile; fileRef = 9F019E111E8B21D40073F556 /* shield.png */; };
		9F019E141E8B260F0073F556 /* ecology.png in Resources */ = {isa = PBXBuildFile; fileRef = 9F019E131E8B260F0073F556 /* ecology.png */; };
		9F019E161E8B261A0073F556 /* winner.png in Resources */ = {isa = PBXBuildFile; fileRef = 9F019E151E8B261A0073F556 /* winner.png */; };
		9F019E181E8B7CD60073F556 /* ActivitiesViewController.swift in Sources */ = {isa = PBXBuildFile; fileRef = 9F019E171E8B7CD60073F556 /* ActivitiesViewController.swift */; };
		9F019E1A1E8B7D900073F556 /* RankingViewController.swift in Sources */ = {isa = PBXBuildFile; fileRef = 9F019E191E8B7D900073F556 /* RankingViewController.swift */; };
		9F019E1C1E8B7DB60073F556 /* ChallengesViewController.swift in Sources */ = {isa = PBXBuildFile; fileRef = 9F019E1B1E8B7DB60073F556 /* ChallengesViewController.swift */; };
		9F019E1E1E8B7DE10073F556 /* FriendsViewController.swift in Sources */ = {isa = PBXBuildFile; fileRef = 9F019E1D1E8B7DE10073F556 /* FriendsViewController.swift */; };
		9F019E201E8B7E270073F556 /* GroceriesViewController.swift in Sources */ = {isa = PBXBuildFile; fileRef = 9F019E1F1E8B7E270073F556 /* GroceriesViewController.swift */; };
		9F019E221E8B7E4A0073F556 /* DisposalViewController.swift in Sources */ = {isa = PBXBuildFile; fileRef = 9F019E211E8B7E4A0073F556 /* DisposalViewController.swift */; };
		9F019E241E8B7E6D0073F556 /* BadgesViewController.swift in Sources */ = {isa = PBXBuildFile; fileRef = 9F019E231E8B7E6D0073F556 /* BadgesViewController.swift */; };
		9F0672181E771DD600286C6F /* AppDelegate.swift in Sources */ = {isa = PBXBuildFile; fileRef = 9F0672171E771DD600286C6F /* AppDelegate.swift */; };
		9F06721A1E771DD600286C6F /* SignInViewController.swift in Sources */ = {isa = PBXBuildFile; fileRef = 9F0672191E771DD600286C6F /* SignInViewController.swift */; };
		9F06721F1E771DD600286C6F /* Assets.xcassets in Resources */ = {isa = PBXBuildFile; fileRef = 9F06721E1E771DD600286C6F /* Assets.xcassets */; };
		9F0672221E771DD600286C6F /* LaunchScreen.storyboard in Resources */ = {isa = PBXBuildFile; fileRef = 9F0672201E771DD600286C6F /* LaunchScreen.storyboard */; };
		9F06722D1E7727A100286C6F /* Main.storyboard in Resources */ = {isa = PBXBuildFile; fileRef = 9F06722B1E7727A100286C6F /* Main.storyboard */; };
		9F06722F1E772A0E00286C6F /* GoogleService-Info.plist in Resources */ = {isa = PBXBuildFile; fileRef = 9F06722E1E772A0E00286C6F /* GoogleService-Info.plist */; };
		9F23CA4B1E8F072300E7650A /* bus.png in Resources */ = {isa = PBXBuildFile; fileRef = 9F23CA4A1E8F072200E7650A /* bus.png */; };
		9F23CA4D1E8F073100E7650A /* car.png in Resources */ = {isa = PBXBuildFile; fileRef = 9F23CA4C1E8F073100E7650A /* car.png */; };
		9F23CA4F1E8F073A00E7650A /* cycling.png in Resources */ = {isa = PBXBuildFile; fileRef = 9F23CA4E1E8F073A00E7650A /* cycling.png */; };
		9F23CA511E8F074200E7650A /* running.png in Resources */ = {isa = PBXBuildFile; fileRef = 9F23CA501E8F074200E7650A /* running.png */; };
		9F23CA531E8F074800E7650A /* train.png in Resources */ = {isa = PBXBuildFile; fileRef = 9F23CA521E8F074800E7650A /* train.png */; };
		9F23CA551E8F1A2700E7650A /* TransportCollectionViewCell.swift in Sources */ = {isa = PBXBuildFile; fileRef = 9F23CA541E8F1A2700E7650A /* TransportCollectionViewCell.swift */; };
		9F57AA921E974E3C00BCD6FA /* Extensions.swift in Sources */ = {isa = PBXBuildFile; fileRef = 9F57AA911E974E3C00BCD6FA /* Extensions.swift */; };
		9F5830B81E8C88800030E696 /* SWRevealViewController.m in Sources */ = {isa = PBXBuildFile; fileRef = 9F5830B71E8C88800030E696 /* SWRevealViewController.m */; };
		9F5830BC1E8CC4430030E696 /* home.png in Resources */ = {isa = PBXBuildFile; fileRef = 9F5830BB1E8CC4430030E696 /* home.png */; };
		9F5830C01E8DC1720030E696 /* GroceriesModalViewController.swift in Sources */ = {isa = PBXBuildFile; fileRef = 9F5830BF1E8DC1710030E696 /* GroceriesModalViewController.swift */; };
		9F5A7AED1E91829300C6B097 /* TranspPointsModalViewController.swift in Sources */ = {isa = PBXBuildFile; fileRef = 9F5A7AEC1E91829300C6B097 /* TranspPointsModalViewController.swift */; };
		9F5A7AEF1E918FBC00C6B097 /* Points.swift in Sources */ = {isa = PBXBuildFile; fileRef = 9F5A7AEE1E918FBC00C6B097 /* Points.swift */; };
		9F5A7AF11E9197FC00C6B097 /* DisposalModalViewController.swift in Sources */ = {isa = PBXBuildFile; fileRef = 9F5A7AF01E9197FC00C6B097 /* DisposalModalViewController.swift */; };
		9F5A7AFF1E91A64100C6B097 /* air.png in Resources */ = {isa = PBXBuildFile; fileRef = 9F5A7AFE1E91A64100C6B097 /* air.png */; };
		9F5A7B011E91A64700C6B097 /* lettuce.png in Resources */ = {isa = PBXBuildFile; fileRef = 9F5A7B001E91A64700C6B097 /* lettuce.png */; };
		9F5A7B061E91A65200C6B097 /* meat.png in Resources */ = {isa = PBXBuildFile; fileRef = 9F5A7B021E91A65200C6B097 /* meat.png */; };
		9F5A7B071E91A65200C6B097 /* water-drop.png in Resources */ = {isa = PBXBuildFile; fileRef = 9F5A7B031E91A65200C6B097 /* water-drop.png */; };
		9F5A7B081E91A65200C6B097 /* water.png in Resources */ = {isa = PBXBuildFile; fileRef = 9F5A7B041E91A65200C6B097 /* water.png */; };
		9F5A7B091E91A65200C6B097 /* zebra.png in Resources */ = {isa = PBXBuildFile; fileRef = 9F5A7B051E91A65200C6B097 /* zebra.png */; };
		9F5A7B0B1E91F78500C6B097 /* Badge.swift in Sources */ = {isa = PBXBuildFile; fileRef = 9F5A7B0A1E91F78500C6B097 /* Badge.swift */; };
		9F5A7B0D1E91FAB700C6B097 /* farm.png in Resources */ = {isa = PBXBuildFile; fileRef = 9F5A7B0C1E91FAB700C6B097 /* farm.png */; };
		9F5A7B0F1E91FAE000C6B097 /* recycle.png in Resources */ = {isa = PBXBuildFile; fileRef = 9F5A7B0E1E91FAE000C6B097 /* recycle.png */; };
		9F5A7B111E9205E900C6B097 /* electric-car.png in Resources */ = {isa = PBXBuildFile; fileRef = 9F5A7B101E9205E900C6B097 /* electric-car.png */; };
		9F5A7B131E9205EF00C6B097 /* groceries.png in Resources */ = {isa = PBXBuildFile; fileRef = 9F5A7B121E9205EF00C6B097 /* groceries.png */; };
		9F5A7B151E9205F700C6B097 /* shield2.png in Resources */ = {isa = PBXBuildFile; fileRef = 9F5A7B141E9205F700C6B097 /* shield2.png */; };
		9F5A7B171E92062700C6B097 /* sprout (1).png in Resources */ = {isa = PBXBuildFile; fileRef = 9F5A7B161E92062700C6B097 /* sprout (1).png */; };
		9F5A7B191E92077500C6B097 /* user.png in Resources */ = {isa = PBXBuildFile; fileRef = 9F5A7B181E92077500C6B097 /* user.png */; };
		9F5A7B1B1E9208A700C6B097 /* Friend.swift in Sources */ = {isa = PBXBuildFile; fileRef = 9F5A7B1A1E9208A700C6B097 /* Friend.swift */; };
		9F5A7B2B1E93536200C6B097 /* file.png in Resources */ = {isa = PBXBuildFile; fileRef = 9F5A7B261E93536200C6B097 /* file.png */; };
		9F5A7B2C1E93536200C6B097 /* gift.png in Resources */ = {isa = PBXBuildFile; fileRef = 9F5A7B271E93536200C6B097 /* gift.png */; };
		9F5A7B2D1E93536200C6B097 /* logout.png in Resources */ = {isa = PBXBuildFile; fileRef = 9F5A7B281E93536200C6B097 /* logout.png */; };
		9F5A7B2E1E93536200C6B097 /* padlock.png in Resources */ = {isa = PBXBuildFile; fileRef = 9F5A7B291E93536200C6B097 /* padlock.png */; };
		9F5A7B2F1E93536200C6B097 /* settings.png in Resources */ = {isa = PBXBuildFile; fileRef = 9F5A7B2A1E93536200C6B097 /* settings.png */; };
		9F5A7B321E9380EE00C6B097 /* User.swift in Sources */ = {isa = PBXBuildFile; fileRef = 9F5A7B311E9380EE00C6B097 /* User.swift */; };
		9F5A7B631E95C5BB00C6B097 /* MenuViewController.swift in Sources */ = {isa = PBXBuildFile; fileRef = 9F5A7B621E95C5BB00C6B097 /* MenuViewController.swift */; };
		9F5A7B651E95C80600C6B097 /* SettingsViewController.swift in Sources */ = {isa = PBXBuildFile; fileRef = 9F5A7B641E95C80600C6B097 /* SettingsViewController.swift */; };
		9F5A7B671E968E5E00C6B097 /* CreditsViewController.swift in Sources */ = {isa = PBXBuildFile; fileRef = 9F5A7B661E968E5E00C6B097 /* CreditsViewController.swift */; };
		9F5A7B691E968EA400C6B097 /* TermsConditionsViewController.swift in Sources */ = {isa = PBXBuildFile; fileRef = 9F5A7B681E968EA400C6B097 /* TermsConditionsViewController.swift */; };
		9F5A7B6B1E968EBD00C6B097 /* PrivacyPolicyViewController.swift in Sources */ = {isa = PBXBuildFile; fileRef = 9F5A7B6A1E968EBD00C6B097 /* PrivacyPolicyViewController.swift */; };
		9F5A7B6D1E96EAF900C6B097 /* DisposalViewControllerOldold.swift in Sources */ = {isa = PBXBuildFile; fileRef = 9F5A7B6C1E96EAF900C6B097 /* DisposalViewControllerOldold.swift */; };
		9F71699A1E906BEB00F2B2BB /* Disposal.swift in Sources */ = {isa = PBXBuildFile; fileRef = 9F7169991E906BEB00F2B2BB /* Disposal.swift */; };
		9FA23F6D1E8C50DC00D5CAB9 /* barcode.png in Resources */ = {isa = PBXBuildFile; fileRef = 9FA23F6C1E8C50DC00D5CAB9 /* barcode.png */; };
		9FA23F6F1E8C551C00D5CAB9 /* questions-circular-button.png in Resources */ = {isa = PBXBuildFile; fileRef = 9FA23F6E1E8C551C00D5CAB9 /* questions-circular-button.png */; };
		9FA23F711E8C562000D5CAB9 /* Product.swift in Sources */ = {isa = PBXBuildFile; fileRef = 9FA23F701E8C562000D5CAB9 /* Product.swift */; };
		9FF9777A1E7737E80038ABEE /* HomePageViewController.swift in Sources */ = {isa = PBXBuildFile; fileRef = 9FF977791E7737E80038ABEE /* HomePageViewController.swift */; };
		9FF9777C1E775B880038ABEE /* FactsPageViewController.swift in Sources */ = {isa = PBXBuildFile; fileRef = 9FF9777B1E775B880038ABEE /* FactsPageViewController.swift */; };
		9FF9777E1E7767050038ABEE /* Fact.swift in Sources */ = {isa = PBXBuildFile; fileRef = 9FF9777D1E7767050038ABEE /* Fact.swift */; };
		9FF977801E778AD10038ABEE /* FactDescViewController.swift in Sources */ = {isa = PBXBuildFile; fileRef = 9FF9777F1E778AD10038ABEE /* FactDescViewController.swift */; };
		9FF977821E779C100038ABEE /* FactModalViewController.swift in Sources */ = {isa = PBXBuildFile; fileRef = 9FF977811E779C100038ABEE /* FactModalViewController.swift */; };
		9FF9778A1E77B34C0038ABEE /* groceriesBtn.png in Resources */ = {isa = PBXBuildFile; fileRef = 9FF977891E77B34C0038ABEE /* groceriesBtn.png */; };
		9FF9778C1E77B4120038ABEE /* bicycle-rider.png in Resources */ = {isa = PBXBuildFile; fileRef = 9FF9778B1E77B4120038ABEE /* bicycle-rider.png */; };
		9FF9778E1E77B4170038ABEE /* icon.png in Resources */ = {isa = PBXBuildFile; fileRef = 9FF9778D1E77B4170038ABEE /* icon.png */; };
		9FF977901E77B41C0038ABEE /* medal.png in Resources */ = {isa = PBXBuildFile; fileRef = 9FF9778F1E77B41C0038ABEE /* medal.png */; };
		9FF977921E77B4260038ABEE /* open-book-top-view.png in Resources */ = {isa = PBXBuildFile; fileRef = 9FF977911E77B4260038ABEE /* open-book-top-view.png */; };
		9FF977941E77B42C0038ABEE /* trash-container-for-recycle.png in Resources */ = {isa = PBXBuildFile; fileRef = 9FF977931E77B42C0038ABEE /* trash-container-for-recycle.png */; };
		9FF977961E77B95C0038ABEE /* spider.png in Resources */ = {isa = PBXBuildFile; fileRef = 9FF977951E77B95C0038ABEE /* spider.png */; };
		9FF977981E77C1C90038ABEE /* TransportationPageViewController.swift in Sources */ = {isa = PBXBuildFile; fileRef = 9FF977971E77C1C90038ABEE /* TransportationPageViewController.swift */; };
		9FF9779A1E77D0A50038ABEE /* TranspModalViewController.swift in Sources */ = {isa = PBXBuildFile; fileRef = 9FF977991E77D0A50038ABEE /* TranspModalViewController.swift */; };
		9FF9779C1E78637C0038ABEE /* help-button.png in Resources */ = {isa = PBXBuildFile; fileRef = 9FF9779B1E78637C0038ABEE /* help-button.png */; };
/* End PBXBuildFile section */

/* Begin PBXFileReference section */
		5AAB2D3E6DEFC11172F00420 /* Pods-Greendurance.release.xcconfig */ = {isa = PBXFileReference; includeInIndex = 1; lastKnownFileType = text.xcconfig; name = "Pods-Greendurance.release.xcconfig"; path = "Pods/Target Support Files/Pods-Greendurance/Pods-Greendurance.release.xcconfig"; sourceTree = "<group>"; };
		8279C3FD38C994E111BC13D3 /* Pods-Greendurance.debug.xcconfig */ = {isa = PBXFileReference; includeInIndex = 1; lastKnownFileType = text.xcconfig; name = "Pods-Greendurance.debug.xcconfig"; path = "Pods/Target Support Files/Pods-Greendurance/Pods-Greendurance.debug.xcconfig"; sourceTree = "<group>"; };
		9F019E011E88838F0073F556 /* IconCollectionViewCell.swift */ = {isa = PBXFileReference; fileEncoding = 4; lastKnownFileType = sourcecode.swift; name = IconCollectionViewCell.swift; path = ../IconCollectionViewCell.swift; sourceTree = "<group>"; };
		9F019E071E8AAE550073F556 /* menu.png */ = {isa = PBXFileReference; lastKnownFileType = image.png; name = menu.png; path = ../../../../Downloads/menu.png; sourceTree = "<group>"; };
		9F019E111E8B21D40073F556 /* shield.png */ = {isa = PBXFileReference; lastKnownFileType = image.png; path = shield.png; sourceTree = "<group>"; };
		9F019E131E8B260F0073F556 /* ecology.png */ = {isa = PBXFileReference; lastKnownFileType = image.png; path = ecology.png; sourceTree = "<group>"; };
		9F019E151E8B261A0073F556 /* winner.png */ = {isa = PBXFileReference; lastKnownFileType = image.png; path = winner.png; sourceTree = "<group>"; };
		9F019E171E8B7CD60073F556 /* ActivitiesViewController.swift */ = {isa = PBXFileReference; fileEncoding = 4; lastKnownFileType = sourcecode.swift; path = ActivitiesViewController.swift; sourceTree = "<group>"; };
		9F019E191E8B7D900073F556 /* RankingViewController.swift */ = {isa = PBXFileReference; fileEncoding = 4; lastKnownFileType = sourcecode.swift; path = RankingViewController.swift; sourceTree = "<group>"; };
		9F019E1B1E8B7DB60073F556 /* ChallengesViewController.swift */ = {isa = PBXFileReference; fileEncoding = 4; lastKnownFileType = sourcecode.swift; path = ChallengesViewController.swift; sourceTree = "<group>"; };
		9F019E1D1E8B7DE10073F556 /* FriendsViewController.swift */ = {isa = PBXFileReference; fileEncoding = 4; lastKnownFileType = sourcecode.swift; path = FriendsViewController.swift; sourceTree = "<group>"; };
		9F019E1F1E8B7E270073F556 /* GroceriesViewController.swift */ = {isa = PBXFileReference; fileEncoding = 4; lastKnownFileType = sourcecode.swift; path = GroceriesViewController.swift; sourceTree = "<group>"; };
		9F019E211E8B7E4A0073F556 /* DisposalViewController.swift */ = {isa = PBXFileReference; fileEncoding = 4; lastKnownFileType = sourcecode.swift; path = DisposalViewController.swift; sourceTree = "<group>"; };
		9F019E231E8B7E6D0073F556 /* BadgesViewController.swift */ = {isa = PBXFileReference; fileEncoding = 4; lastKnownFileType = sourcecode.swift; path = BadgesViewController.swift; sourceTree = "<group>"; };
		9F0672141E771DD600286C6F /* Greendurance.app */ = {isa = PBXFileReference; explicitFileType = wrapper.application; includeInIndex = 0; path = Greendurance.app; sourceTree = BUILT_PRODUCTS_DIR; };
		9F0672171E771DD600286C6F /* AppDelegate.swift */ = {isa = PBXFileReference; lastKnownFileType = sourcecode.swift; path = AppDelegate.swift; sourceTree = "<group>"; };
		9F0672191E771DD600286C6F /* SignInViewController.swift */ = {isa = PBXFileReference; lastKnownFileType = sourcecode.swift; path = SignInViewController.swift; sourceTree = "<group>"; };
		9F06721E1E771DD600286C6F /* Assets.xcassets */ = {isa = PBXFileReference; lastKnownFileType = folder.assetcatalog; path = Assets.xcassets; sourceTree = "<group>"; };
		9F0672211E771DD600286C6F /* Base */ = {isa = PBXFileReference; lastKnownFileType = file.storyboard; name = Base; path = Base.lproj/LaunchScreen.storyboard; sourceTree = "<group>"; };
		9F0672231E771DD600286C6F /* Info.plist */ = {isa = PBXFileReference; lastKnownFileType = text.plist.xml; path = Info.plist; sourceTree = "<group>"; };
		9F06722C1E7727A100286C6F /* Base */ = {isa = PBXFileReference; lastKnownFileType = file.storyboard; name = Base; path = Base.lproj/Main.storyboard; sourceTree = "<group>"; };
		9F06722E1E772A0E00286C6F /* GoogleService-Info.plist */ = {isa = PBXFileReference; fileEncoding = 4; lastKnownFileType = text.plist.xml; path = "GoogleService-Info.plist"; sourceTree = "<group>"; };
		9F23CA4A1E8F072200E7650A /* bus.png */ = {isa = PBXFileReference; lastKnownFileType = image.png; name = bus.png; path = ../../../../Downloads/bus.png; sourceTree = "<group>"; };
		9F23CA4C1E8F073100E7650A /* car.png */ = {isa = PBXFileReference; lastKnownFileType = image.png; name = car.png; path = ../../../../Downloads/car.png; sourceTree = "<group>"; };
		9F23CA4E1E8F073A00E7650A /* cycling.png */ = {isa = PBXFileReference; lastKnownFileType = image.png; name = cycling.png; path = ../../../../Downloads/cycling.png; sourceTree = "<group>"; };
		9F23CA501E8F074200E7650A /* running.png */ = {isa = PBXFileReference; lastKnownFileType = image.png; name = running.png; path = ../../../../Downloads/running.png; sourceTree = "<group>"; };
		9F23CA521E8F074800E7650A /* train.png */ = {isa = PBXFileReference; lastKnownFileType = image.png; name = train.png; path = ../../../../Downloads/train.png; sourceTree = "<group>"; };
		9F23CA541E8F1A2700E7650A /* TransportCollectionViewCell.swift */ = {isa = PBXFileReference; fileEncoding = 4; lastKnownFileType = sourcecode.swift; path = TransportCollectionViewCell.swift; sourceTree = "<group>"; };
		9F57AA911E974E3C00BCD6FA /* Extensions.swift */ = {isa = PBXFileReference; fileEncoding = 4; lastKnownFileType = sourcecode.swift; path = Extensions.swift; sourceTree = "<group>"; };
		9F5830B51E8C887F0030E696 /* Greendurance-Bridging-Header.h */ = {isa = PBXFileReference; lastKnownFileType = sourcecode.c.h; path = "Greendurance-Bridging-Header.h"; sourceTree = "<group>"; };
		9F5830B61E8C88800030E696 /* SWRevealViewController.h */ = {isa = PBXFileReference; fileEncoding = 4; lastKnownFileType = sourcecode.c.h; name = SWRevealViewController.h; path = "../../../../Downloads/SWRevealViewController-master/SWRevealViewController/SWRevealViewController.h"; sourceTree = "<group>"; };
		9F5830B71E8C88800030E696 /* SWRevealViewController.m */ = {isa = PBXFileReference; fileEncoding = 4; lastKnownFileType = sourcecode.c.objc; name = SWRevealViewController.m; path = "../../../../Downloads/SWRevealViewController-master/SWRevealViewController/SWRevealViewController.m"; sourceTree = "<group>"; };
		9F5830BB1E8CC4430030E696 /* home.png */ = {isa = PBXFileReference; lastKnownFileType = image.png; name = home.png; path = ../../../../Downloads/home.png; sourceTree = "<group>"; };
		9F5830BF1E8DC1710030E696 /* GroceriesModalViewController.swift */ = {isa = PBXFileReference; fileEncoding = 4; lastKnownFileType = sourcecode.swift; path = GroceriesModalViewController.swift; sourceTree = "<group>"; };
		9F5A7AEC1E91829300C6B097 /* TranspPointsModalViewController.swift */ = {isa = PBXFileReference; fileEncoding = 4; lastKnownFileType = sourcecode.swift; path = TranspPointsModalViewController.swift; sourceTree = "<group>"; };
		9F5A7AEE1E918FBC00C6B097 /* Points.swift */ = {isa = PBXFileReference; fileEncoding = 4; lastKnownFileType = sourcecode.swift; path = Points.swift; sourceTree = "<group>"; };
		9F5A7AF01E9197FC00C6B097 /* DisposalModalViewController.swift */ = {isa = PBXFileReference; fileEncoding = 4; lastKnownFileType = sourcecode.swift; path = DisposalModalViewController.swift; sourceTree = "<group>"; };
		9F5A7AFE1E91A64100C6B097 /* air.png */ = {isa = PBXFileReference; lastKnownFileType = image.png; name = air.png; path = ../../../../Downloads/air.png; sourceTree = "<group>"; };
		9F5A7B001E91A64700C6B097 /* lettuce.png */ = {isa = PBXFileReference; lastKnownFileType = image.png; name = lettuce.png; path = ../../../../Downloads/lettuce.png; sourceTree = "<group>"; };
		9F5A7B021E91A65200C6B097 /* meat.png */ = {isa = PBXFileReference; lastKnownFileType = image.png; name = meat.png; path = ../../../../Downloads/meat.png; sourceTree = "<group>"; };
		9F5A7B031E91A65200C6B097 /* water-drop.png */ = {isa = PBXFileReference; lastKnownFileType = image.png; name = "water-drop.png"; path = "../../../../Downloads/water-drop.png"; sourceTree = "<group>"; };
		9F5A7B041E91A65200C6B097 /* water.png */ = {isa = PBXFileReference; lastKnownFileType = image.png; name = water.png; path = ../../../../Downloads/water.png; sourceTree = "<group>"; };
		9F5A7B051E91A65200C6B097 /* zebra.png */ = {isa = PBXFileReference; lastKnownFileType = image.png; name = zebra.png; path = ../../../../Downloads/zebra.png; sourceTree = "<group>"; };
		9F5A7B0A1E91F78500C6B097 /* Badge.swift */ = {isa = PBXFileReference; fileEncoding = 4; lastKnownFileType = sourcecode.swift; path = Badge.swift; sourceTree = "<group>"; };
		9F5A7B0C1E91FAB700C6B097 /* farm.png */ = {isa = PBXFileReference; lastKnownFileType = image.png; name = farm.png; path = ../../../../Downloads/farm.png; sourceTree = "<group>"; };
		9F5A7B0E1E91FAE000C6B097 /* recycle.png */ = {isa = PBXFileReference; lastKnownFileType = image.png; name = recycle.png; path = ../../../../Downloads/recycle.png; sourceTree = "<group>"; };
		9F5A7B101E9205E900C6B097 /* electric-car.png */ = {isa = PBXFileReference; lastKnownFileType = image.png; name = "electric-car.png"; path = "../../../../Downloads/electric-car.png"; sourceTree = "<group>"; };
		9F5A7B121E9205EF00C6B097 /* groceries.png */ = {isa = PBXFileReference; lastKnownFileType = image.png; name = groceries.png; path = ../../../../Downloads/groceries.png; sourceTree = "<group>"; };
		9F5A7B141E9205F700C6B097 /* shield2.png */ = {isa = PBXFileReference; lastKnownFileType = image.png; name = shield2.png; path = ../../../../Downloads/shield2.png; sourceTree = "<group>"; };
		9F5A7B161E92062700C6B097 /* sprout (1).png */ = {isa = PBXFileReference; lastKnownFileType = image.png; name = "sprout (1).png"; path = "../../../../Downloads/sprout (1).png"; sourceTree = "<group>"; };
		9F5A7B181E92077500C6B097 /* user.png */ = {isa = PBXFileReference; lastKnownFileType = image.png; name = user.png; path = "../../../../Library/Mobile Documents/com~apple~CloudDocs/Capstone/INST776/Prototyping/High-Fidelity Prototype/icons/user.png"; sourceTree = "<group>"; };
		9F5A7B1A1E9208A700C6B097 /* Friend.swift */ = {isa = PBXFileReference; fileEncoding = 4; lastKnownFileType = sourcecode.swift; path = Friend.swift; sourceTree = "<group>"; };
		9F5A7B261E93536200C6B097 /* file.png */ = {isa = PBXFileReference; lastKnownFileType = image.png; name = file.png; path = ../../../../Downloads/file.png; sourceTree = "<group>"; };
		9F5A7B271E93536200C6B097 /* gift.png */ = {isa = PBXFileReference; lastKnownFileType = image.png; name = gift.png; path = ../../../../Downloads/gift.png; sourceTree = "<group>"; };
		9F5A7B281E93536200C6B097 /* logout.png */ = {isa = PBXFileReference; lastKnownFileType = image.png; name = logout.png; path = ../../../../Downloads/logout.png; sourceTree = "<group>"; };
		9F5A7B291E93536200C6B097 /* padlock.png */ = {isa = PBXFileReference; lastKnownFileType = image.png; name = padlock.png; path = ../../../../Downloads/padlock.png; sourceTree = "<group>"; };
		9F5A7B2A1E93536200C6B097 /* settings.png */ = {isa = PBXFileReference; lastKnownFileType = image.png; name = settings.png; path = ../../../../Downloads/settings.png; sourceTree = "<group>"; };
		9F5A7B301E9357E100C6B097 /* Greendurance.entitlements */ = {isa = PBXFileReference; lastKnownFileType = text.plist.entitlements; path = Greendurance.entitlements; sourceTree = "<group>"; };
		9F5A7B311E9380EE00C6B097 /* User.swift */ = {isa = PBXFileReference; fileEncoding = 4; lastKnownFileType = sourcecode.swift; path = User.swift; sourceTree = "<group>"; };
		9F5A7B621E95C5BB00C6B097 /* MenuViewController.swift */ = {isa = PBXFileReference; fileEncoding = 4; lastKnownFileType = sourcecode.swift; path = MenuViewController.swift; sourceTree = "<group>"; };
		9F5A7B641E95C80600C6B097 /* SettingsViewController.swift */ = {isa = PBXFileReference; fileEncoding = 4; lastKnownFileType = sourcecode.swift; path = SettingsViewController.swift; sourceTree = "<group>"; };
		9F5A7B661E968E5E00C6B097 /* CreditsViewController.swift */ = {isa = PBXFileReference; fileEncoding = 4; lastKnownFileType = sourcecode.swift; path = CreditsViewController.swift; sourceTree = "<group>"; };
		9F5A7B681E968EA400C6B097 /* TermsConditionsViewController.swift */ = {isa = PBXFileReference; fileEncoding = 4; lastKnownFileType = sourcecode.swift; path = TermsConditionsViewController.swift; sourceTree = "<group>"; };
		9F5A7B6A1E968EBD00C6B097 /* PrivacyPolicyViewController.swift */ = {isa = PBXFileReference; fileEncoding = 4; lastKnownFileType = sourcecode.swift; path = PrivacyPolicyViewController.swift; sourceTree = "<group>"; };
		9F5A7B6C1E96EAF900C6B097 /* DisposalViewControllerOldold.swift */ = {isa = PBXFileReference; fileEncoding = 4; lastKnownFileType = sourcecode.swift; path = DisposalViewControllerOldold.swift; sourceTree = "<group>"; };
		9F7169991E906BEB00F2B2BB /* Disposal.swift */ = {isa = PBXFileReference; fileEncoding = 4; lastKnownFileType = sourcecode.swift; path = Disposal.swift; sourceTree = "<group>"; };
		9FA23F6C1E8C50DC00D5CAB9 /* barcode.png */ = {isa = PBXFileReference; lastKnownFileType = image.png; name = barcode.png; path = ../../../../Downloads/barcode.png; sourceTree = "<group>"; };
		9FA23F6E1E8C551C00D5CAB9 /* questions-circular-button.png */ = {isa = PBXFileReference; lastKnownFileType = image.png; name = "questions-circular-button.png"; path = "../../../../Downloads/questions-circular-button.png"; sourceTree = "<group>"; };
		9FA23F701E8C562000D5CAB9 /* Product.swift */ = {isa = PBXFileReference; fileEncoding = 4; lastKnownFileType = sourcecode.swift; path = Product.swift; sourceTree = "<group>"; };
		9FF977791E7737E80038ABEE /* HomePageViewController.swift */ = {isa = PBXFileReference; fileEncoding = 4; lastKnownFileType = sourcecode.swift; path = HomePageViewController.swift; sourceTree = "<group>"; };
		9FF9777B1E775B880038ABEE /* FactsPageViewController.swift */ = {isa = PBXFileReference; fileEncoding = 4; lastKnownFileType = sourcecode.swift; path = FactsPageViewController.swift; sourceTree = "<group>"; };
		9FF9777D1E7767050038ABEE /* Fact.swift */ = {isa = PBXFileReference; fileEncoding = 4; lastKnownFileType = sourcecode.swift; path = Fact.swift; sourceTree = "<group>"; };
		9FF9777F1E778AD10038ABEE /* FactDescViewController.swift */ = {isa = PBXFileReference; fileEncoding = 4; lastKnownFileType = sourcecode.swift; path = FactDescViewController.swift; sourceTree = "<group>"; };
		9FF977811E779C100038ABEE /* FactModalViewController.swift */ = {isa = PBXFileReference; fileEncoding = 4; lastKnownFileType = sourcecode.swift; path = FactModalViewController.swift; sourceTree = "<group>"; };
		9FF977891E77B34C0038ABEE /* groceriesBtn.png */ = {isa = PBXFileReference; lastKnownFileType = image.png; path = groceriesBtn.png; sourceTree = "<group>"; };
		9FF9778B1E77B4120038ABEE /* bicycle-rider.png */ = {isa = PBXFileReference; lastKnownFileType = image.png; path = "bicycle-rider.png"; sourceTree = "<group>"; };
		9FF9778D1E77B4170038ABEE /* icon.png */ = {isa = PBXFileReference; lastKnownFileType = image.png; path = icon.png; sourceTree = "<group>"; };
		9FF9778F1E77B41C0038ABEE /* medal.png */ = {isa = PBXFileReference; lastKnownFileType = image.png; path = medal.png; sourceTree = "<group>"; };
		9FF977911E77B4260038ABEE /* open-book-top-view.png */ = {isa = PBXFileReference; lastKnownFileType = image.png; path = "open-book-top-view.png"; sourceTree = "<group>"; };
		9FF977931E77B42C0038ABEE /* trash-container-for-recycle.png */ = {isa = PBXFileReference; lastKnownFileType = image.png; path = "trash-container-for-recycle.png"; sourceTree = "<group>"; };
		9FF977951E77B95C0038ABEE /* spider.png */ = {isa = PBXFileReference; lastKnownFileType = image.png; path = spider.png; sourceTree = "<group>"; };
		9FF977971E77C1C90038ABEE /* TransportationPageViewController.swift */ = {isa = PBXFileReference; fileEncoding = 4; lastKnownFileType = sourcecode.swift; path = TransportationPageViewController.swift; sourceTree = "<group>"; };
		9FF977991E77D0A50038ABEE /* TranspModalViewController.swift */ = {isa = PBXFileReference; fileEncoding = 4; lastKnownFileType = sourcecode.swift; path = TranspModalViewController.swift; sourceTree = "<group>"; };
		9FF9779B1E78637C0038ABEE /* help-button.png */ = {isa = PBXFileReference; lastKnownFileType = image.png; path = "help-button.png"; sourceTree = "<group>"; };
		E46534246C177040FE3445B5 /* Pods_Greendurance.framework */ = {isa = PBXFileReference; explicitFileType = wrapper.framework; includeInIndex = 0; path = Pods_Greendurance.framework; sourceTree = BUILT_PRODUCTS_DIR; };
/* End PBXFileReference section */

/* Begin PBXFrameworksBuildPhase section */
		9F0672111E771DD600286C6F /* Frameworks */ = {
			isa = PBXFrameworksBuildPhase;
			buildActionMask = 2147483647;
			files = (
				6770D454018869F40379D243 /* Pods_Greendurance.framework in Frameworks */,
			);
			runOnlyForDeploymentPostprocessing = 0;
		};
/* End PBXFrameworksBuildPhase section */

/* Begin PBXGroup section */
		9F06720B1E771DD600286C6F = {
			isa = PBXGroup;
			children = (
				9F0672161E771DD600286C6F /* Greendurance */,
				9F0672151E771DD600286C6F /* Products */,
				ED23359C18FDFB35E1942D38 /* Pods */,
				FB800BF7155F50ABFB2063D2 /* Frameworks */,
			);
			sourceTree = "<group>";
		};
		9F0672151E771DD600286C6F /* Products */ = {
			isa = PBXGroup;
			children = (
				9F0672141E771DD600286C6F /* Greendurance.app */,
			);
			name = Products;
			sourceTree = "<group>";
		};
		9F0672161E771DD600286C6F /* Greendurance */ = {
			isa = PBXGroup;
			children = (
				9F57AA901E974E1000BCD6FA /* Helpers */,
				9F5A7B301E9357E100C6B097 /* Greendurance.entitlements */,
				9F5A7AEB1E91753200C6B097 /* images */,
				9F5830B41E8C88730030E696 /* SWRevealViewController */,
				9FF977781E772BFE0038ABEE /* Models */,
				9FF977771E772BC90038ABEE /* ViewControllers */,
				9F0672171E771DD600286C6F /* AppDelegate.swift */,
				9F06722B1E7727A100286C6F /* Main.storyboard */,
				9F06721E1E771DD600286C6F /* Assets.xcassets */,
				9F0672201E771DD600286C6F /* LaunchScreen.storyboard */,
				9F0672231E771DD600286C6F /* Info.plist */,
				9F06722E1E772A0E00286C6F /* GoogleService-Info.plist */,
			);
			path = Greendurance;
			sourceTree = "<group>";
		};
		9F57AA901E974E1000BCD6FA /* Helpers */ = {
			isa = PBXGroup;
			children = (
				9F57AA911E974E3C00BCD6FA /* Extensions.swift */,
			);
			name = Helpers;
			sourceTree = "<group>";
		};
		9F5830B41E8C88730030E696 /* SWRevealViewController */ = {
			isa = PBXGroup;
			children = (
				9F5830B61E8C88800030E696 /* SWRevealViewController.h */,
				9F5830B71E8C88800030E696 /* SWRevealViewController.m */,
				9F5830B51E8C887F0030E696 /* Greendurance-Bridging-Header.h */,
			);
			name = SWRevealViewController;
			sourceTree = "<group>";
		};
		9F5A7AEB1E91753200C6B097 /* images */ = {
			isa = PBXGroup;
			children = (
				9F5A7B261E93536200C6B097 /* file.png */,
				9F5A7B271E93536200C6B097 /* gift.png */,
				9F5A7B281E93536200C6B097 /* logout.png */,
				9F5A7B291E93536200C6B097 /* padlock.png */,
				9F5A7B2A1E93536200C6B097 /* settings.png */,
				9F5A7B181E92077500C6B097 /* user.png */,
				9F5A7B0C1E91FAB700C6B097 /* farm.png */,
				9F5A7B0E1E91FAE000C6B097 /* recycle.png */,
				9F019E151E8B261A0073F556 /* winner.png */,
				9F5A7B101E9205E900C6B097 /* electric-car.png */,
				9F5A7B121E9205EF00C6B097 /* groceries.png */,
				9F5A7B141E9205F700C6B097 /* shield2.png */,
				9F5A7B161E92062700C6B097 /* sprout (1).png */,
				9F5A7AFE1E91A64100C6B097 /* air.png */,
				9F5A7B001E91A64700C6B097 /* lettuce.png */,
				9F5A7B021E91A65200C6B097 /* meat.png */,
				9F5A7B031E91A65200C6B097 /* water-drop.png */,
				9F5A7B041E91A65200C6B097 /* water.png */,
				9F5A7B051E91A65200C6B097 /* zebra.png */,
				9F019E131E8B260F0073F556 /* ecology.png */,
				9F23CA4A1E8F072200E7650A /* bus.png */,
				9F23CA4C1E8F073100E7650A /* car.png */,
				9F23CA4E1E8F073A00E7650A /* cycling.png */,
				9F23CA501E8F074200E7650A /* running.png */,
				9F23CA521E8F074800E7650A /* train.png */,
				9F019E111E8B21D40073F556 /* shield.png */,
				9FA23F6C1E8C50DC00D5CAB9 /* barcode.png */,
				9F5830BB1E8CC4430030E696 /* home.png */,
				9F019E071E8AAE550073F556 /* menu.png */,
				9FF977891E77B34C0038ABEE /* groceriesBtn.png */,
				9FF9778B1E77B4120038ABEE /* bicycle-rider.png */,
				9FF977951E77B95C0038ABEE /* spider.png */,
				9FF9778F1E77B41C0038ABEE /* medal.png */,
				9FA23F6E1E8C551C00D5CAB9 /* questions-circular-button.png */,
				9FF9779B1E78637C0038ABEE /* help-button.png */,
				9FF9778D1E77B4170038ABEE /* icon.png */,
				9FF977931E77B42C0038ABEE /* trash-container-for-recycle.png */,
				9FF977911E77B4260038ABEE /* open-book-top-view.png */,
			);
			name = images;
			sourceTree = "<group>";
		};
		9FF977771E772BC90038ABEE /* ViewControllers */ = {
			isa = PBXGroup;
			children = (
				9F0672191E771DD600286C6F /* SignInViewController.swift */,
				9FF977791E7737E80038ABEE /* HomePageViewController.swift */,
				9FF9777B1E775B880038ABEE /* FactsPageViewController.swift */,
				9FF9777F1E778AD10038ABEE /* FactDescViewController.swift */,
				9FF977811E779C100038ABEE /* FactModalViewController.swift */,
				9FF977971E77C1C90038ABEE /* TransportationPageViewController.swift */,
				9FF977991E77D0A50038ABEE /* TranspModalViewController.swift */,
				9F5A7AEC1E91829300C6B097 /* TranspPointsModalViewController.swift */,
				9F019E171E8B7CD60073F556 /* ActivitiesViewController.swift */,
				9F019E191E8B7D900073F556 /* RankingViewController.swift */,
				9F019E1B1E8B7DB60073F556 /* ChallengesViewController.swift */,
				9F019E1F1E8B7E270073F556 /* GroceriesViewController.swift */,
				9F5830BF1E8DC1710030E696 /* GroceriesModalViewController.swift */,
				9F019E211E8B7E4A0073F556 /* DisposalViewController.swift */,
				9F5A7AF01E9197FC00C6B097 /* DisposalModalViewController.swift */,
				9F019E231E8B7E6D0073F556 /* BadgesViewController.swift */,
				9F019E1D1E8B7DE10073F556 /* FriendsViewController.swift */,
				9F5A7B621E95C5BB00C6B097 /* MenuViewController.swift */,
				9F5A7B641E95C80600C6B097 /* SettingsViewController.swift */,
				9F5A7B661E968E5E00C6B097 /* CreditsViewController.swift */,
				9F5A7B681E968EA400C6B097 /* TermsConditionsViewController.swift */,
				9F5A7B6A1E968EBD00C6B097 /* PrivacyPolicyViewController.swift */,
				9F5A7B6C1E96EAF900C6B097 /* DisposalViewControllerOldold.swift */,
			);
			name = ViewControllers;
			sourceTree = "<group>";
		};
		9FF977781E772BFE0038ABEE /* Models */ = {
			isa = PBXGroup;
			children = (
				9FF9777D1E7767050038ABEE /* Fact.swift */,
				9F019E011E88838F0073F556 /* IconCollectionViewCell.swift */,
				9FA23F701E8C562000D5CAB9 /* Product.swift */,
				9F23CA541E8F1A2700E7650A /* TransportCollectionViewCell.swift */,
				9F7169991E906BEB00F2B2BB /* Disposal.swift */,
				9F5A7AEE1E918FBC00C6B097 /* Points.swift */,
				9F5A7B0A1E91F78500C6B097 /* Badge.swift */,
				9F5A7B1A1E9208A700C6B097 /* Friend.swift */,
				9F5A7B311E9380EE00C6B097 /* User.swift */,
			);
			name = Models;
			sourceTree = "<group>";
		};
		ED23359C18FDFB35E1942D38 /* Pods */ = {
			isa = PBXGroup;
			children = (
				8279C3FD38C994E111BC13D3 /* Pods-Greendurance.debug.xcconfig */,
				5AAB2D3E6DEFC11172F00420 /* Pods-Greendurance.release.xcconfig */,
			);
			name = Pods;
			sourceTree = "<group>";
		};
		FB800BF7155F50ABFB2063D2 /* Frameworks */ = {
			isa = PBXGroup;
			children = (
				E46534246C177040FE3445B5 /* Pods_Greendurance.framework */,
			);
			name = Frameworks;
			sourceTree = "<group>";
		};
/* End PBXGroup section */

/* Begin PBXNativeTarget section */
		9F0672131E771DD600286C6F /* Greendurance */ = {
			isa = PBXNativeTarget;
			buildConfigurationList = 9F0672261E771DD600286C6F /* Build configuration list for PBXNativeTarget "Greendurance" */;
			buildPhases = (
				1A877B1F6B6FBA8AA3D6F487 /* [CP] Check Pods Manifest.lock */,
				9F0672101E771DD600286C6F /* Sources */,
				9F0672111E771DD600286C6F /* Frameworks */,
				9F0672121E771DD600286C6F /* Resources */,
				8DAAA36809979F16AEBFA9B3 /* [CP] Embed Pods Frameworks */,
				5637C4F4EFA87FE6E2AA6700 /* [CP] Copy Pods Resources */,
			);
			buildRules = (
			);
			dependencies = (
			);
			name = Greendurance;
			productName = Greendurance;
			productReference = 9F0672141E771DD600286C6F /* Greendurance.app */;
			productType = "com.apple.product-type.application";
		};
/* End PBXNativeTarget section */

/* Begin PBXProject section */
		9F06720C1E771DD600286C6F /* Project object */ = {
			isa = PBXProject;
			attributes = {
				LastSwiftUpdateCheck = 0820;
				LastUpgradeCheck = 0820;
				ORGANIZATIONNAME = "Pujita Tipnis";
				TargetAttributes = {
					9F0672131E771DD600286C6F = {
						CreatedOnToolsVersion = 8.2.1;
						DevelopmentTeam = 2KKVW7DCV7;
						LastSwiftMigration = 0820;
						ProvisioningStyle = Automatic;
						SystemCapabilities = {
							com.apple.Keychain = {
								enabled = 1;
							};
						};
					};
				};
			};
			buildConfigurationList = 9F06720F1E771DD600286C6F /* Build configuration list for PBXProject "Greendurance" */;
			compatibilityVersion = "Xcode 3.2";
			developmentRegion = English;
			hasScannedForEncodings = 0;
			knownRegions = (
				en,
				Base,
			);
			mainGroup = 9F06720B1E771DD600286C6F;
			productRefGroup = 9F0672151E771DD600286C6F /* Products */;
			projectDirPath = "";
			projectRoot = "";
			targets = (
				9F0672131E771DD600286C6F /* Greendurance */,
			);
		};
/* End PBXProject section */

/* Begin PBXResourcesBuildPhase section */
		9F0672121E771DD600286C6F /* Resources */ = {
			isa = PBXResourcesBuildPhase;
			buildActionMask = 2147483647;
			files = (
				9F23CA4D1E8F073100E7650A /* car.png in Resources */,
				9F23CA4B1E8F072300E7650A /* bus.png in Resources */,
				9F5A7B071E91A65200C6B097 /* water-drop.png in Resources */,
				9F5A7B061E91A65200C6B097 /* meat.png in Resources */,
				9F23CA531E8F074800E7650A /* train.png in Resources */,
				9F5A7B0F1E91FAE000C6B097 /* recycle.png in Resources */,
				9F5A7B2E1E93536200C6B097 /* padlock.png in Resources */,
				9FA23F6F1E8C551C00D5CAB9 /* questions-circular-button.png in Resources */,
				9F5A7B2D1E93536200C6B097 /* logout.png in Resources */,
				9F019E161E8B261A0073F556 /* winner.png in Resources */,
				9F5A7B081E91A65200C6B097 /* water.png in Resources */,
				9FF9779C1E78637C0038ABEE /* help-button.png in Resources */,
				9FF9778C1E77B4120038ABEE /* bicycle-rider.png in Resources */,
				9FF9778E1E77B4170038ABEE /* icon.png in Resources */,
				9F5A7B171E92062700C6B097 /* sprout (1).png in Resources */,
				9F5A7B151E9205F700C6B097 /* shield2.png in Resources */,
				9F06722D1E7727A100286C6F /* Main.storyboard in Resources */,
				9F5A7AFF1E91A64100C6B097 /* air.png in Resources */,
				9F019E081E8AAE550073F556 /* menu.png in Resources */,
				9F019E121E8B21D40073F556 /* shield.png in Resources */,
				9F0672221E771DD600286C6F /* LaunchScreen.storyboard in Resources */,
				9F019E141E8B260F0073F556 /* ecology.png in Resources */,
				9F5A7B0D1E91FAB700C6B097 /* farm.png in Resources */,
				9FA23F6D1E8C50DC00D5CAB9 /* barcode.png in Resources */,
				9F23CA4F1E8F073A00E7650A /* cycling.png in Resources */,
				9F5A7B011E91A64700C6B097 /* lettuce.png in Resources */,
				9FF977941E77B42C0038ABEE /* trash-container-for-recycle.png in Resources */,
				9F5A7B111E9205E900C6B097 /* electric-car.png in Resources */,
				9F5A7B191E92077500C6B097 /* user.png in Resources */,
				9F23CA511E8F074200E7650A /* running.png in Resources */,
				9F5830BC1E8CC4430030E696 /* home.png in Resources */,
				9F5A7B2C1E93536200C6B097 /* gift.png in Resources */,
				9FF977921E77B4260038ABEE /* open-book-top-view.png in Resources */,
				9F5A7B131E9205EF00C6B097 /* groceries.png in Resources */,
				9F5A7B2B1E93536200C6B097 /* file.png in Resources */,
				9FF9778A1E77B34C0038ABEE /* groceriesBtn.png in Resources */,
				9F5A7B2F1E93536200C6B097 /* settings.png in Resources */,
				9F06721F1E771DD600286C6F /* Assets.xcassets in Resources */,
				9F06722F1E772A0E00286C6F /* GoogleService-Info.plist in Resources */,
				9FF977961E77B95C0038ABEE /* spider.png in Resources */,
				9F5A7B091E91A65200C6B097 /* zebra.png in Resources */,
				9FF977901E77B41C0038ABEE /* medal.png in Resources */,
			);
			runOnlyForDeploymentPostprocessing = 0;
		};
/* End PBXResourcesBuildPhase section */

/* Begin PBXShellScriptBuildPhase section */
		1A877B1F6B6FBA8AA3D6F487 /* [CP] Check Pods Manifest.lock */ = {
			isa = PBXShellScriptBuildPhase;
			buildActionMask = 2147483647;
			files = (
			);
			inputPaths = (
			);
			name = "[CP] Check Pods Manifest.lock";
			outputPaths = (
			);
			runOnlyForDeploymentPostprocessing = 0;
			shellPath = /bin/sh;
			shellScript = "diff \"${PODS_ROOT}/../Podfile.lock\" \"${PODS_ROOT}/Manifest.lock\" > /dev/null\nif [ $? != 0 ] ; then\n    # print error to STDERR\n    echo \"error: The sandbox is not in sync with the Podfile.lock. Run 'pod install' or update your CocoaPods installation.\" >&2\n    exit 1\nfi\n";
			showEnvVarsInLog = 0;
		};
		5637C4F4EFA87FE6E2AA6700 /* [CP] Copy Pods Resources */ = {
			isa = PBXShellScriptBuildPhase;
			buildActionMask = 2147483647;
			files = (
			);
			inputPaths = (
			);
			name = "[CP] Copy Pods Resources";
			outputPaths = (
			);
			runOnlyForDeploymentPostprocessing = 0;
			shellPath = /bin/sh;
			shellScript = "\"${SRCROOT}/Pods/Target Support Files/Pods-Greendurance/Pods-Greendurance-resources.sh\"\n";
			showEnvVarsInLog = 0;
		};
		8DAAA36809979F16AEBFA9B3 /* [CP] Embed Pods Frameworks */ = {
			isa = PBXShellScriptBuildPhase;
			buildActionMask = 2147483647;
			files = (
			);
			inputPaths = (
			);
			name = "[CP] Embed Pods Frameworks";
			outputPaths = (
			);
			runOnlyForDeploymentPostprocessing = 0;
			shellPath = /bin/sh;
			shellScript = "\"${SRCROOT}/Pods/Target Support Files/Pods-Greendurance/Pods-Greendurance-frameworks.sh\"\n";
			showEnvVarsInLog = 0;
		};
/* End PBXShellScriptBuildPhase section */

/* Begin PBXSourcesBuildPhase section */
		9F0672101E771DD600286C6F /* Sources */ = {
			isa = PBXSourcesBuildPhase;
			buildActionMask = 2147483647;
			files = (
				9F06721A1E771DD600286C6F /* SignInViewController.swift in Sources */,
				9F5830B81E8C88800030E696 /* SWRevealViewController.m in Sources */,
				9F71699A1E906BEB00F2B2BB /* Disposal.swift in Sources */,
				9F019E021E88838F0073F556 /* IconCollectionViewCell.swift in Sources */,
				9F5A7AEF1E918FBC00C6B097 /* Points.swift in Sources */,
				9FF9777C1E775B880038ABEE /* FactsPageViewController.swift in Sources */,
				9F5830C01E8DC1720030E696 /* GroceriesModalViewController.swift in Sources */,
				9F019E181E8B7CD60073F556 /* ActivitiesViewController.swift in Sources */,
				9F019E1E1E8B7DE10073F556 /* FriendsViewController.swift in Sources */,
				9F5A7B631E95C5BB00C6B097 /* MenuViewController.swift in Sources */,
				9F019E241E8B7E6D0073F556 /* BadgesViewController.swift in Sources */,
				9F019E221E8B7E4A0073F556 /* DisposalViewController.swift in Sources */,
				9F5A7B6B1E968EBD00C6B097 /* PrivacyPolicyViewController.swift in Sources */,
				9F5A7B0B1E91F78500C6B097 /* Badge.swift in Sources */,
				9FF977821E779C100038ABEE /* FactModalViewController.swift in Sources */,
				9F019E201E8B7E270073F556 /* GroceriesViewController.swift in Sources */,
				9F5A7AED1E91829300C6B097 /* TranspPointsModalViewController.swift in Sources */,
				9F5A7B1B1E9208A700C6B097 /* Friend.swift in Sources */,
				9FF9779A1E77D0A50038ABEE /* TranspModalViewController.swift in Sources */,
				9F5A7B691E968EA400C6B097 /* TermsConditionsViewController.swift in Sources */,
				9F57AA921E974E3C00BCD6FA /* Extensions.swift in Sources */,
				9FF9777E1E7767050038ABEE /* Fact.swift in Sources */,
				9F5A7AF11E9197FC00C6B097 /* DisposalModalViewController.swift in Sources */,
				9F23CA551E8F1A2700E7650A /* TransportCollectionViewCell.swift in Sources */,
				9F5A7B6D1E96EAF900C6B097 /* DisposalViewControllerOldold.swift in Sources */,
				9F5A7B321E9380EE00C6B097 /* User.swift in Sources */,
				9FA23F711E8C562000D5CAB9 /* Product.swift in Sources */,
				9F5A7B651E95C80600C6B097 /* SettingsViewController.swift in Sources */,
				9F0672181E771DD600286C6F /* AppDelegate.swift in Sources */,
				9F019E1C1E8B7DB60073F556 /* ChallengesViewController.swift in Sources */,
				9FF977981E77C1C90038ABEE /* TransportationPageViewController.swift in Sources */,
				9FF9777A1E7737E80038ABEE /* HomePageViewController.swift in Sources */,
				9FF977801E778AD10038ABEE /* FactDescViewController.swift in Sources */,
				9F5A7B671E968E5E00C6B097 /* CreditsViewController.swift in Sources */,
				9F019E1A1E8B7D900073F556 /* RankingViewController.swift in Sources */,
			);
			runOnlyForDeploymentPostprocessing = 0;
		};
/* End PBXSourcesBuildPhase section */

/* Begin PBXVariantGroup section */
		9F0672201E771DD600286C6F /* LaunchScreen.storyboard */ = {
			isa = PBXVariantGroup;
			children = (
				9F0672211E771DD600286C6F /* Base */,
			);
			name = LaunchScreen.storyboard;
			sourceTree = "<group>";
		};
		9F06722B1E7727A100286C6F /* Main.storyboard */ = {
			isa = PBXVariantGroup;
			children = (
				9F06722C1E7727A100286C6F /* Base */,
			);
			name = Main.storyboard;
			sourceTree = "<group>";
		};
/* End PBXVariantGroup section */

/* Begin XCBuildConfiguration section */
		9F0672241E771DD600286C6F /* Debug */ = {
			isa = XCBuildConfiguration;
			buildSettings = {
				ALWAYS_SEARCH_USER_PATHS = NO;
				CLANG_ANALYZER_NONNULL = YES;
				CLANG_CXX_LANGUAGE_STANDARD = "gnu++0x";
				CLANG_CXX_LIBRARY = "libc++";
				CLANG_ENABLE_MODULES = YES;
				CLANG_ENABLE_OBJC_ARC = YES;
				CLANG_WARN_BOOL_CONVERSION = YES;
				CLANG_WARN_CONSTANT_CONVERSION = YES;
				CLANG_WARN_DIRECT_OBJC_ISA_USAGE = YES_ERROR;
				CLANG_WARN_DOCUMENTATION_COMMENTS = YES;
				CLANG_WARN_EMPTY_BODY = YES;
				CLANG_WARN_ENUM_CONVERSION = YES;
				CLANG_WARN_INFINITE_RECURSION = YES;
				CLANG_WARN_INT_CONVERSION = YES;
				CLANG_WARN_OBJC_ROOT_CLASS = YES_ERROR;
				CLANG_WARN_SUSPICIOUS_MOVE = YES;
				CLANG_WARN_UNREACHABLE_CODE = YES;
				CLANG_WARN__DUPLICATE_METHOD_MATCH = YES;
				"CODE_SIGN_IDENTITY[sdk=iphoneos*]" = "iPhone Developer";
				COPY_PHASE_STRIP = NO;
				DEBUG_INFORMATION_FORMAT = dwarf;
				ENABLE_STRICT_OBJC_MSGSEND = YES;
				ENABLE_TESTABILITY = YES;
				GCC_C_LANGUAGE_STANDARD = gnu99;
				GCC_DYNAMIC_NO_PIC = NO;
				GCC_NO_COMMON_BLOCKS = YES;
				GCC_OPTIMIZATION_LEVEL = 0;
				GCC_PREPROCESSOR_DEFINITIONS = (
					"DEBUG=1",
					"$(inherited)",
				);
				GCC_WARN_64_TO_32_BIT_CONVERSION = YES;
				GCC_WARN_ABOUT_RETURN_TYPE = YES_ERROR;
				GCC_WARN_UNDECLARED_SELECTOR = YES;
				GCC_WARN_UNINITIALIZED_AUTOS = YES_AGGRESSIVE;
				GCC_WARN_UNUSED_FUNCTION = YES;
				GCC_WARN_UNUSED_VARIABLE = YES;
				IPHONEOS_DEPLOYMENT_TARGET = 10.2;
				MTL_ENABLE_DEBUG_INFO = YES;
				ONLY_ACTIVE_ARCH = YES;
				SDKROOT = iphoneos;
				SWIFT_ACTIVE_COMPILATION_CONDITIONS = DEBUG;
				SWIFT_OPTIMIZATION_LEVEL = "-Onone";
				TARGETED_DEVICE_FAMILY = "1,2";
			};
			name = Debug;
		};
		9F0672251E771DD600286C6F /* Release */ = {
			isa = XCBuildConfiguration;
			buildSettings = {
				ALWAYS_SEARCH_USER_PATHS = NO;
				CLANG_ANALYZER_NONNULL = YES;
				CLANG_CXX_LANGUAGE_STANDARD = "gnu++0x";
				CLANG_CXX_LIBRARY = "libc++";
				CLANG_ENABLE_MODULES = YES;
				CLANG_ENABLE_OBJC_ARC = YES;
				CLANG_WARN_BOOL_CONVERSION = YES;
				CLANG_WARN_CONSTANT_CONVERSION = YES;
				CLANG_WARN_DIRECT_OBJC_ISA_USAGE = YES_ERROR;
				CLANG_WARN_DOCUMENTATION_COMMENTS = YES;
				CLANG_WARN_EMPTY_BODY = YES;
				CLANG_WARN_ENUM_CONVERSION = YES;
				CLANG_WARN_INFINITE_RECURSION = YES;
				CLANG_WARN_INT_CONVERSION = YES;
				CLANG_WARN_OBJC_ROOT_CLASS = YES_ERROR;
				CLANG_WARN_SUSPICIOUS_MOVE = YES;
				CLANG_WARN_UNREACHABLE_CODE = YES;
				CLANG_WARN__DUPLICATE_METHOD_MATCH = YES;
				"CODE_SIGN_IDENTITY[sdk=iphoneos*]" = "iPhone Developer";
				COPY_PHASE_STRIP = NO;
				DEBUG_INFORMATION_FORMAT = "dwarf-with-dsym";
				ENABLE_NS_ASSERTIONS = NO;
				ENABLE_STRICT_OBJC_MSGSEND = YES;
				GCC_C_LANGUAGE_STANDARD = gnu99;
				GCC_NO_COMMON_BLOCKS = YES;
				GCC_WARN_64_TO_32_BIT_CONVERSION = YES;
				GCC_WARN_ABOUT_RETURN_TYPE = YES_ERROR;
				GCC_WARN_UNDECLARED_SELECTOR = YES;
				GCC_WARN_UNINITIALIZED_AUTOS = YES_AGGRESSIVE;
				GCC_WARN_UNUSED_FUNCTION = YES;
				GCC_WARN_UNUSED_VARIABLE = YES;
				IPHONEOS_DEPLOYMENT_TARGET = 10.2;
				MTL_ENABLE_DEBUG_INFO = NO;
				SDKROOT = iphoneos;
				SWIFT_OPTIMIZATION_LEVEL = "-Owholemodule";
				TARGETED_DEVICE_FAMILY = "1,2";
				VALIDATE_PRODUCT = YES;
			};
			name = Release;
		};
		9F0672271E771DD600286C6F /* Debug */ = {
			isa = XCBuildConfiguration;
			baseConfigurationReference = 8279C3FD38C994E111BC13D3 /* Pods-Greendurance.debug.xcconfig */;
			buildSettings = {
				ASSETCATALOG_COMPILER_APPICON_NAME = AppIcon;
				CLANG_ENABLE_MODULES = YES;
				CODE_SIGN_ENTITLEMENTS = Greendurance/Greendurance.entitlements;
				DEVELOPMENT_TEAM = 2KKVW7DCV7;
				INFOPLIST_FILE = Greendurance/Info.plist;
				LD_RUNPATH_SEARCH_PATHS = "$(inherited) @executable_path/Frameworks";
				PRODUCT_BUNDLE_IDENTIFIER = com.pujitatipnis.Greendurance;
				PRODUCT_NAME = "$(TARGET_NAME)";
				SWIFT_OBJC_BRIDGING_HEADER = "Greendurance/Greendurance-Bridging-Header.h";
				SWIFT_OPTIMIZATION_LEVEL = "-Onone";
				SWIFT_VERSION = 3.0;
			};
			name = Debug;
		};
		9F0672281E771DD600286C6F /* Release */ = {
			isa = XCBuildConfiguration;
			baseConfigurationReference = 5AAB2D3E6DEFC11172F00420 /* Pods-Greendurance.release.xcconfig */;
			buildSettings = {
				ASSETCATALOG_COMPILER_APPICON_NAME = AppIcon;
				CLANG_ENABLE_MODULES = YES;
				CODE_SIGN_ENTITLEMENTS = Greendurance/Greendurance.entitlements;
				DEVELOPMENT_TEAM = 2KKVW7DCV7;
				INFOPLIST_FILE = Greendurance/Info.plist;
				LD_RUNPATH_SEARCH_PATHS = "$(inherited) @executable_path/Frameworks";
				PRODUCT_BUNDLE_IDENTIFIER = com.pujitatipnis.Greendurance;
				PRODUCT_NAME = "$(TARGET_NAME)";
				SWIFT_OBJC_BRIDGING_HEADER = "Greendurance/Greendurance-Bridging-Header.h";
				SWIFT_VERSION = 3.0;
			};
			name = Release;
		};
/* End XCBuildConfiguration section */

/* Begin XCConfigurationList section */
		9F06720F1E771DD600286C6F /* Build configuration list for PBXProject "Greendurance" */ = {
			isa = XCConfigurationList;
			buildConfigurations = (
				9F0672241E771DD600286C6F /* Debug */,
				9F0672251E771DD600286C6F /* Release */,
			);
			defaultConfigurationIsVisible = 0;
			defaultConfigurationName = Release;
		};
		9F0672261E771DD600286C6F /* Build configuration list for PBXNativeTarget "Greendurance" */ = {
			isa = XCConfigurationList;
			buildConfigurations = (
				9F0672271E771DD600286C6F /* Debug */,
				9F0672281E771DD600286C6F /* Release */,
			);
			defaultConfigurationIsVisible = 0;
			defaultConfigurationName = Release;
		};
/* End XCConfigurationList section */
	};
	rootObject = 9F06720C1E771DD600286C6F /* Project object */;
}
